// !$*UTF8*$!
{
	archiveVersion = 1;
	classes = {
	};
	objectVersion = 46;
	objects = {

/* Begin PBXBuildFile section */
		8213FABA1BEE48B5006B64CE /* main.swift in Sources */ = {isa = PBXBuildFile; fileRef = 8213FAB91BEE48B5006B64CE /* main.swift */; };
		8213FAC11BEE4BEF006B64CE /* JSONPath.swift in Sources */ = {isa = PBXBuildFile; fileRef = 8213FAC01BEE4BEF006B64CE /* JSONPath.swift */; };
		82CB39A61C0A0A9400B6FF5A /* JSONReader.swift in Sources */ = {isa = PBXBuildFile; fileRef = 82CB39A51C0A0A9400B6FF5A /* JSONReader.swift */; };
		82F765C41C0E23190064F62D /* README.md in Sources */ = {isa = PBXBuildFile; fileRef = 82F765C31C0E23190064F62D /* README.md */; settings = {ASSET_TAGS = (); }; };
/* End PBXBuildFile section */

/* Begin PBXCopyFilesBuildPhase section */
		8213FAB41BEE48B5006B64CE /* CopyFiles */ = {
			isa = PBXCopyFilesBuildPhase;
			buildActionMask = 2147483647;
			dstPath = /usr/share/man/man1/;
			dstSubfolderSpec = 0;
			files = (
			);
			runOnlyForDeploymentPostprocessing = 1;
		};
/* End PBXCopyFilesBuildPhase section */

/* Begin PBXFileReference section */
		8213FAB61BEE48B5006B64CE /* JSONReader */ = {isa = PBXFileReference; explicitFileType = "compiled.mach-o.executable"; includeInIndex = 0; path = JSONReader; sourceTree = BUILT_PRODUCTS_DIR; };
		8213FAB91BEE48B5006B64CE /* main.swift */ = {isa = PBXFileReference; lastKnownFileType = sourcecode.swift; path = main.swift; sourceTree = "<group>"; };
		8213FAC01BEE4BEF006B64CE /* JSONPath.swift */ = {isa = PBXFileReference; fileEncoding = 4; lastKnownFileType = sourcecode.swift; path = JSONPath.swift; sourceTree = "<group>"; };
		82CB39A51C0A0A9400B6FF5A /* JSONReader.swift */ = {isa = PBXFileReference; fileEncoding = 4; lastKnownFileType = sourcecode.swift; path = JSONReader.swift; sourceTree = "<group>"; };
		82F765C31C0E23190064F62D /* README.md */ = {isa = PBXFileReference; fileEncoding = 4; lastKnownFileType = net.daringfireball.markdown; name = README.md; path = ../README.md; sourceTree = "<group>"; };
/* End PBXFileReference section */

/* Begin PBXFrameworksBuildPhase section */
		8213FAB31BEE48B5006B64CE /* Frameworks */ = {
			isa = PBXFrameworksBuildPhase;
			buildActionMask = 2147483647;
			files = (
			);
			runOnlyForDeploymentPostprocessing = 0;
		};
/* End PBXFrameworksBuildPhase section */

/* Begin PBXGroup section */
		8213FAAD1BEE48B5006B64CE = {
			isa = PBXGroup;
			children = (
				82F765C31C0E23190064F62D /* README.md */,
				8213FAB81BEE48B5006B64CE /* JSONReader */,
				8213FAB71BEE48B5006B64CE /* Products */,
			);
			sourceTree = "<group>";
		};
		8213FAB71BEE48B5006B64CE /* Products */ = {
			isa = PBXGroup;
			children = (
				8213FAB61BEE48B5006B64CE /* JSONReader */,
			);
			name = Products;
			sourceTree = "<group>";
		};
		8213FAB81BEE48B5006B64CE /* JSONReader */ = {
			isa = PBXGroup;
			children = (
				8213FAB91BEE48B5006B64CE /* main.swift */,
				82CB39A51C0A0A9400B6FF5A /* JSONReader.swift */,
				8213FAC01BEE4BEF006B64CE /* JSONPath.swift */,
			);
			path = JSONReader;
			sourceTree = "<group>";
		};
/* End PBXGroup section */

/* Begin PBXNativeTarget section */
		8213FAB51BEE48B5006B64CE /* JSONReader */ = {
			isa = PBXNativeTarget;
			buildConfigurationList = 8213FABD1BEE48B5006B64CE /* Build configuration list for PBXNativeTarget "JSONReader" */;
			buildPhases = (
				8213FAB21BEE48B5006B64CE /* Sources */,
				8213FAB31BEE48B5006B64CE /* Frameworks */,
				8213FAB41BEE48B5006B64CE /* CopyFiles */,
			);
			buildRules = (
			);
			dependencies = (
			);
			name = JSONReader;
			productName = JSONReader;
			productReference = 8213FAB61BEE48B5006B64CE /* JSONReader */;
			productType = "com.apple.product-type.tool";
		};
/* End PBXNativeTarget section */

/* Begin PBXProject section */
		8213FAAE1BEE48B5006B64CE /* Project object */ = {
			isa = PBXProject;
			attributes = {
				LastUpgradeCheck = 0700;
				ORGANIZATIONNAME = "Benedict Cohen";
				TargetAttributes = {
					8213FAB51BEE48B5006B64CE = {
						CreatedOnToolsVersion = 7.0;
					};
				};
			};
			buildConfigurationList = 8213FAB11BEE48B5006B64CE /* Build configuration list for PBXProject "JSONReader" */;
			compatibilityVersion = "Xcode 3.2";
			developmentRegion = English;
			hasScannedForEncodings = 0;
			knownRegions = (
				en,
			);
			mainGroup = 8213FAAD1BEE48B5006B64CE;
			productRefGroup = 8213FAB71BEE48B5006B64CE /* Products */;
			projectDirPath = "";
			projectRoot = "";
			targets = (
				8213FAB51BEE48B5006B64CE /* JSONReader */,
			);
		};
/* End PBXProject section */

/* Begin PBXSourcesBuildPhase section */
		8213FAB21BEE48B5006B64CE /* Sources */ = {
			isa = PBXSourcesBuildPhase;
			buildActionMask = 2147483647;
			files = (
				8213FAC11BEE4BEF006B64CE /* JSONPath.swift in Sources */,
				82CB39A61C0A0A9400B6FF5A /* JSONReader.swift in Sources */,
				82F765C41C0E23190064F62D /* README.md in Sources */,
				8213FABA1BEE48B5006B64CE /* main.swift in Sources */,
			);
			runOnlyForDeploymentPostprocessing = 0;
		};
/* End PBXSourcesBuildPhase section */

/* Begin XCBuildConfiguration section */
		8213FABB1BEE48B5006B64CE /* Debug */ = {
			isa = XCBuildConfiguration;
			buildSettings = {
				ALWAYS_SEARCH_USER_PATHS = NO;
				CLANG_CXX_LANGUAGE_STANDARD = "gnu++0x";
				CLANG_CXX_LIBRARY = "libc++";
				CLANG_ENABLE_MODULES = YES;
				CLANG_ENABLE_OBJC_ARC = YES;
				CLANG_WARN_BOOL_CONVERSION = YES;
				CLANG_WARN_CONSTANT_CONVERSION = YES;
				CLANG_WARN_DIRECT_OBJC_ISA_USAGE = YES_ERROR;
				CLANG_WARN_EMPTY_BODY = YES;
				CLANG_WARN_ENUM_CONVERSION = YES;
				CLANG_WARN_INT_CONVERSION = YES;
				CLANG_WARN_OBJC_ROOT_CLASS = YES_ERROR;
				CLANG_WARN_UNREACHABLE_CODE = YES;
				CLANG_WARN__DUPLICATE_METHOD_MATCH = YES;
				COPY_PHASE_STRIP = NO;
				DEBUG_INFORMATION_FORMAT = dwarf;
				ENABLE_STRICT_OBJC_MSGSEND = YES;
				ENABLE_TESTABILITY = YES;
				GCC_C_LANGUAGE_STANDARD = gnu99;
				GCC_DYNAMIC_NO_PIC = NO;
				GCC_NO_COMMON_BLOCKS = YES;
				GCC_OPTIMIZATION_LEVEL = 0;
				GCC_PREPROCESSOR_DEFINITIONS = (
					"DEBUG=1",
					"$(inherited)",
				);
				GCC_WARN_64_TO_32_BIT_CONVERSION = YES;
				GCC_WARN_ABOUT_RETURN_TYPE = YES_ERROR;
				GCC_WARN_UNDECLARED_SELECTOR = YES;
				GCC_WARN_UNINITIALIZED_AUTOS = YES_AGGRESSIVE;
				GCC_WARN_UNUSED_FUNCTION = YES;
				GCC_WARN_UNUSED_VARIABLE = YES;
				MACOSX_DEPLOYMENT_TARGET = 10.10;
				MTL_ENABLE_DEBUG_INFO = YES;
				ONLY_ACTIVE_ARCH = YES;
				SWIFT_OPTIMIZATION_LEVEL = "-Onone";
			};
			name = Debug;
		};
		8213FABC1BEE48B5006B64CE /* Release */ = {
			isa = XCBuildConfiguration;
			buildSettings = {
				ALWAYS_SEARCH_USER_PATHS = NO;
				CLANG_CXX_LANGUAGE_STANDARD = "gnu++0x";
				CLANG_CXX_LIBRARY = "libc++";
				CLANG_ENABLE_MODULES = YES;
				CLANG_ENABLE_OBJC_ARC = YES;
				CLANG_WARN_BOOL_CONVERSION = YES;
				CLANG_WARN_CONSTANT_CONVERSION = YES;
				CLANG_WARN_DIRECT_OBJC_ISA_USAGE = YES_ERROR;
				CLANG_WARN_EMPTY_BODY = YES;
				CLANG_WARN_ENUM_CONVERSION = YES;
				CLANG_WARN_INT_CONVERSION = YES;
				CLANG_WARN_OBJC_ROOT_CLASS = YES_ERROR;
				CLANG_WARN_UNREACHABLE_CODE = YES;
				CLANG_WARN__DUPLICATE_METHOD_MATCH = YES;
				COPY_PHASE_STRIP = NO;
				DEBUG_INFORMATION_FORMAT = "dwarf-with-dsym";
				ENABLE_NS_ASSERTIONS = NO;
				ENABLE_STRICT_OBJC_MSGSEND = YES;
				GCC_C_LANGUAGE_STANDARD = gnu99;
				GCC_NO_COMMON_BLOCKS = YES;
				GCC_WARN_64_TO_32_BIT_CONVERSION = YES;
				GCC_WARN_ABOUT_RETURN_TYPE = YES_ERROR;
				GCC_WARN_UNDECLARED_SELECTOR = YES;
				GCC_WARN_UNINITIALIZED_AUTOS = YES_AGGRESSIVE;
				GCC_WARN_UNUSED_FUNCTION = YES;
				GCC_WARN_UNUSED_VARIABLE = YES;
				MACOSX_DEPLOYMENT_TARGET = 10.10;
				MTL_ENABLE_DEBUG_INFO = NO;
			};
			name = Release;
		};
		8213FABE1BEE48B5006B64CE /* Debug */ = {
			isa = XCBuildConfiguration;
			buildSettings = {
				PRODUCT_NAME = "$(TARGET_NAME)";
			};
			name = Debug;
		};
		8213FABF1BEE48B5006B64CE /* Release */ = {
			isa = XCBuildConfiguration;
			buildSettings = {
				PRODUCT_NAME = "$(TARGET_NAME)";
			};
			name = Release;
		};
/* End XCBuildConfiguration section */

/* Begin XCConfigurationList section */
		8213FAB11BEE48B5006B64CE /* Build configuration list for PBXProject "JSONReader" */ = {
			isa = XCConfigurationList;
			buildConfigurations = (
				8213FABB1BEE48B5006B64CE /* Debug */,
				8213FABC1BEE48B5006B64CE /* Release */,
			);
			defaultConfigurationIsVisible = 0;
			defaultConfigurationName = Release;
		};
		8213FABD1BEE48B5006B64CE /* Build configuration list for PBXNativeTarget "JSONReader" */ = {
			isa = XCConfigurationList;
			buildConfigurations = (
				8213FABE1BEE48B5006B64CE /* Debug */,
				8213FABF1BEE48B5006B64CE /* Release */,
			);
			defaultConfigurationIsVisible = 0;
			defaultConfigurationName = Release;
		};
/* End XCConfigurationList section */
	};
	rootObject = 8213FAAE1BEE48B5006B64CE /* Project object */;
}
